{
    "hash": "3cee9a3f450632945a4b5be242554241",
    "packages": [
        {
            "name": "florianwolters/component-core-cloneable",
            "version": "v0.2.0",
            "source": {
                "type": "git",
                "url": "https://github.com/FlorianWolters/PHP-Component-Core-Cloneable.git",
                "reference": "v0.2.0"
            },
            "dist": {
                "type": "zip",
                "url": "https://api.github.com/repos/FlorianWolters/PHP-Component-Core-Cloneable/zipball/v0.2.0",
                "reference": "v0.2.0",
                "shasum": ""
            },
            "require": {
                "php": ">=5.4"
            },
            "type": "library",
            "autoload": {
                "psr-0": {
                    "FlorianWolters": [
                        "src/php",
                        "src/tests/mocks/php",
                        "src/tests/unit-tests/php"
                    ]
                }
            },
            "notification-url": "https://packagist.org/downloads/",
            "license": [
                "LGPL-3.0+"
            ],
            "authors": [
                {
                    "name": "Florian Wolters",
                    "email": "wolters.fl@gmail.com",
                    "homepage": "http://blog.florianwolters.de",
                    "role": "Developer"
                }
            ],
            "description": "Allows and disallows the cloning of objects as a PHP component.",
            "homepage": "http://github.com/FlorianWolters/PHP-Component-Core-Cloneable",
            "keywords": [
                "clone",
                "cloning",
                "creation"
            ],
            "time": "2013-03-19 16:49:12"
        },
        {
            "name": "florianwolters/component-core-debugprint",
            "version": "v0.2.0",
            "source": {
                "type": "git",
                "url": "https://github.com/FlorianWolters/PHP-Component-Core-DebugPrint.git",
                "reference": "v0.2.0"
            },
            "dist": {
                "type": "zip",
                "url": "https://api.github.com/repos/FlorianWolters/PHP-Component-Core-DebugPrint/zipball/v0.2.0",
                "reference": "v0.2.0",
                "shasum": ""
            },
            "require": {
                "florianwolters/component-core-hashcode": "0.2.*",
                "php": ">=5.4"
            },
            "type": "library",
            "autoload": {
                "psr-0": {
                    "FlorianWolters": [
                        "src/php",
                        "src/tests/mocks/php"
                    ]
                }
            },
            "notification-url": "https://packagist.org/downloads/",
            "license": [
                "LGPL-3.0+"
            ],
            "authors": [
                {
                    "name": "Florian Wolters",
                    "email": "wolters.fl@gmail.com",
                    "homepage": "http://blog.florianwolters.de",
                    "role": "Developer"
                }
            ],
            "description": "The Debug Print Method implementation pattern as a PHP component.",
            "homepage": "http://github.com/FlorianWolters/PHP-Component-Core-DebugPrint",
            "keywords": [
                "debug",
                "debug print method",
                "language",
                "pattern",
                "tostring"
            ],
            "time": "2013-02-27 11:10:11"
        },
        {
            "name": "florianwolters/component-core-equality",
            "version": "v0.2.0",
            "source": {
                "type": "git",
                "url": "https://github.com/FlorianWolters/PHP-Component-Core-Equality.git",
                "reference": "v0.2.0"
            },
            "dist": {
                "type": "zip",
                "url": "https://api.github.com/repos/FlorianWolters/PHP-Component-Core-Equality/zipball/v0.2.0",
                "reference": "v0.2.0",
                "shasum": ""
            },
            "require": {
                "php": ">=5.4"
            },
            "type": "library",
            "autoload": {
                "psr-0": {
                    "FlorianWolters": [
                        "src/php",
                        "src/tests/mocks/php",
                        "src/tests/unit-tests/php"
                    ]
                }
            },
            "notification-url": "https://packagist.org/downloads/",
            "license": [
                "LGPL-3.0+"
            ],
            "authors": [
                {
                    "name": "Florian Wolters",
                    "email": "wolters.fl@gmail.com",
                    "homepage": "http://blog.florianwolters.de",
                    "role": "Developer"
                }
            ],
            "description": "Implements equivalence relations on non-null object references as a PHP component.",
            "homepage": "http://github.com/FlorianWolters/PHP-Component-Core-Equality",
            "keywords": [
                "comparison",
                "core",
                "equality",
                "equals",
                "reference equality",
                "value equality"
            ],
            "time": "2013-03-22 12:31:35"
        },
        {
            "name": "florianwolters/component-core-hashcode",
            "version": "v0.2.1",
            "source": {
                "type": "git",
                "url": "https://github.com/FlorianWolters/PHP-Component-Core-HashCode.git",
                "reference": "v0.2.1"
            },
            "dist": {
                "type": "zip",
                "url": "https://api.github.com/repos/FlorianWolters/PHP-Component-Core-HashCode/zipball/v0.2.1",
                "reference": "v0.2.1",
                "shasum": ""
            },
            "require": {
                "php": ">=5.4"
            },
            "type": "library",
            "autoload": {
                "psr-0": {
                    "FlorianWolters": [
                        "src/php",
                        "src/tests/mocks"
                    ]
                }
            },
            "notification-url": "https://packagist.org/downloads/",
            "license": [
                "LGPL-3.0+"
            ],
            "authors": [
                {
                    "name": "Florian Wolters",
                    "email": "wolters.fl@gmail.com",
                    "homepage": "http://blog.florianwolters.de",
                    "role": "Developer"
                }
            ],
            "description": "Provides a hash code value for objects as a PHP component.",
            "homepage": "http://github.com/FlorianWolters/PHP-Component-Core-HashCode",
            "keywords": [
                "hash",
                "language",
                "object"
            ],
            "time": "2013-03-01 11:31:56"
        },
        {
            "name": "florianwolters/component-core-immutable",
            "version": "v0.1.0",
            "source": {
                "type": "git",
                "url": "https://github.com/FlorianWolters/PHP-Component-Core-Immutable.git",
                "reference": "v0.1.0"
            },
            "dist": {
                "type": "zip",
                "url": "https://api.github.com/repos/FlorianWolters/PHP-Component-Core-Immutable/zipball/v0.1.0",
                "reference": "v0.1.0",
                "shasum": ""
            },
            "require": {
                "florianwolters/component-core-cloneable": "0.2.*",
                "php": ">=5.4"
            },
            "type": "library",
            "autoload": {
                "psr-0": {
                    "FlorianWolters": [
                        "src/php",
                        "src/tests/mocks/php"
                    ]
                }
            },
            "notification-url": "https://packagist.org/downloads/",
            "license": [
                "LGPL-3.0+"
            ],
            "authors": [
                {
                    "name": "Florian Wolters",
                    "email": "wolters.fl@gmail.com",
                    "homepage": "http://blog.florianwolters.de",
                    "role": "Developer"
                }
            ],
            "description": "The Immutable Object implementation pattern as a PHP component.",
            "homepage": "http://github.com/FlorianWolters/PHP-Component-Core-Immutable",
            "keywords": [
                "core",
                "immutable",
                "immutable class",
                "immutable object"
            ],
            "time": "2013-03-19 16:50:12"
        }
    ],
    "packages-dev": [

    ],
    "aliases": [

    ],
    "minimum-stability": "stable",
    "stability-flags": [

    ],
    "platform": {
        "php": ">=5.4"
    },
    "platform-dev": [

    ]
}
